
Microsoft Visual Studio Solution File, Format Version 12.00
# Visual Studio Version 17
VisualStudioVersion = 17.5.33530.505
MinimumVisualStudioVersion = 10.0.40219.1
Project("{9A19103F-16F7-4668-BE54-9A1E7A4F7556}") = "HabitatBirdsApplication", "HabitatBirdsApplication\HabitatBirdsApplication.csproj", "{455ADE1F-51C4-4B42-A71A-2ABB7075C030}"
EndProject
Project("{FAE04EC0-301F-11D3-BF4B-00C04F79EFBC}") = "HabitatBirdsApplication.Tests", "HabitatBirdsApplication.Tests\HabitatBirdsApplication.Tests.csproj", "{B49F8E4C-855E-40B2-A34E-C616849850DF}"
EndProject
Global
	GlobalSection(SolutionConfigurationPlatforms) = preSolution
		Debug|Any CPU = Debug|Any CPU
		Release|Any CPU = Release|Any CPU
	EndGlobalSection
	GlobalSection(ProjectConfigurationPlatforms) = postSolution
		{455ADE1F-51C4-4B42-A71A-2ABB7075C030}.Debug|Any CPU.ActiveCfg = Debug|Any CPU
		{455ADE1F-51C4-4B42-A71A-2ABB7075C030}.Debug|Any CPU.Build.0 = Debug|Any CPU
		{455ADE1F-51C4-4B42-A71A-2ABB7075C030}.Release|Any CPU.ActiveCfg = Release|Any CPU
		{455ADE1F-51C4-4B42-A71A-2ABB7075C030}.Release|Any CPU.Build.0 = Release|Any CPU
		{B49F8E4C-855E-40B2-A34E-C616849850DF}.Debug|Any CPU.ActiveCfg = Debug|Any CPU
		{B49F8E4C-855E-40B2-A34E-C616849850DF}.Debug|Any CPU.Build.0 = Debug|Any CPU
		{B49F8E4C-855E-40B2-A34E-C616849850DF}.Release|Any CPU.ActiveCfg = Release|Any CPU
		{B49F8E4C-855E-40B2-A34E-C616849850DF}.Release|Any CPU.Build.0 = Release|Any CPU
	EndGlobalSection
	GlobalSection(SolutionProperties) = preSolution
		HideSolutionNode = FALSE
	EndGlobalSection
	GlobalSection(ExtensibilityGlobals) = postSolution
		SolutionGuid = {5E800376-D99C-4F4B-A11C-12FFC56840EE}
	EndGlobalSection
EndGlobal
